# THIS IS AN AUTOGENERATED FILE. DO NOT EDIT THIS FILE DIRECTLY.
# yarn lockfile v1


"@stencil/core@^1.12.2":
  version "1.13.0"
  resolved "https://registry.yarnpkg.com/@stencil/core/-/core-1.13.0.tgz#908c1a62e3676e261acf3b3db2a37e48d0879a5a"
  integrity sha512-++kIXaEgmwm/vq+9QAVHPuLLddCKVdJyI8OfHxknkpu5udxZMYA/vaN/K9i+2NIiTLbGpvHNk9E+RyYzKxS0XQ==
  dependencies:
    typescript "3.8.3"

"@stencil/router@^1.0.1":
  version "1.0.1"
  resolved "https://registry.yarnpkg.com/@stencil/router/-/router-1.0.1.tgz#f95bcc67ef8d832c16a117487a277d4ce2973d2a"
  integrity sha512-ZMholl1BE+glNAc/8pcEb9RYkeH0XETxsJbx6D7f3azTmaTXqKYty1IACP/3BtVjuimpfLdxQJ+J95wKmnYBtA==
  dependencies:
    "@stencil/state-tunnel" "^1.0.1"

"@stencil/state-tunnel@^1.0.1":
  version "1.0.1"
  resolved "https://registry.yarnpkg.com/@stencil/state-tunnel/-/state-tunnel-1.0.1.tgz#21324f494ad719732505c8134099e415ac4c3c81"
  integrity sha512-DYG8uROgL9hkjVTCtCfRBb0d3FwpiFB0muRrNZQ2X1Qo5hxMuNNji76/ILddqeq0AfgkKCW82xrMPDpy+rNIhQ==

typescript@3.8.3:
  version "3.8.3"
  resolved "https://registry.yarnpkg.com/typescript/-/typescript-3.8.3.tgz#409eb8544ea0335711205869ec458ab109ee1061"
  integrity sha512-MYlEfn5VrLNsgudQTVJeNaQFUAI7DkhnOjdpAp4T+ku1TfQClewlbSuTVHiA+8skNBgaf02TL/kLOvig4y3G8w==
